PODS:
  - ProjectOxfordFace (1.4.1)

DEPENDENCIES:
  - ProjectOxfordFace (from `../`)

EXTERNAL SOURCES:
  ProjectOxfordFace:
    :path: "../"

SPEC CHECKSUMS:
  ProjectOxfordFace: fa7d7adbc9a11203be61a6a80511101b5dbf6ce4

PODFILE CHECKSUM: 2ef692ec40205fb42d25d86ffb1afe79b889afad

COCOAPODS: 1.7.4
